// !$*UTF8*$!
{
	archiveVersion = 1;
	classes = {
	};
	objectVersion = 55;
	objects = {

/* Begin PBXBuildFile section */
		FB82BAA627985E5200E9114A /* LocationStore.swift in Sources */ = {isa = PBXBuildFile; fileRef = FB82BAA527985E5200E9114A /* LocationStore.swift */; };
		FB82BAA727985E5200E9114A /* LocationStore.swift in Sources */ = {isa = PBXBuildFile; fileRef = FB82BAA527985E5200E9114A /* LocationStore.swift */; };
		FB82BAA92798616800E9114A /* LocationsList.swift in Sources */ = {isa = PBXBuildFile; fileRef = FB82BAA82798616800E9114A /* LocationsList.swift */; };
		FB82BAAA2798616800E9114A /* LocationsList.swift in Sources */ = {isa = PBXBuildFile; fileRef = FB82BAA82798616800E9114A /* LocationsList.swift */; };
		FB82BAAC27986BAF00E9114A /* WorldMap.swift in Sources */ = {isa = PBXBuildFile; fileRef = FB82BAAB27986BAF00E9114A /* WorldMap.swift */; };
		FB82BAAD27986BAF00E9114A /* WorldMap.swift in Sources */ = {isa = PBXBuildFile; fileRef = FB82BAAB27986BAF00E9114A /* WorldMap.swift */; };
		FB82BAAF27986BD000E9114A /* TipsList.swift in Sources */ = {isa = PBXBuildFile; fileRef = FB82BAAE27986BD000E9114A /* TipsList.swift */; };
		FB82BAB027986BD000E9114A /* TipsList.swift in Sources */ = {isa = PBXBuildFile; fileRef = FB82BAAE27986BD000E9114A /* TipsList.swift */; };
		FB82BAB22799BA0800E9114A /* Tip.swift in Sources */ = {isa = PBXBuildFile; fileRef = FB82BAB12799BA0800E9114A /* Tip.swift */; };
		FB82BAB32799BA0800E9114A /* Tip.swift in Sources */ = {isa = PBXBuildFile; fileRef = FB82BAB12799BA0800E9114A /* Tip.swift */; };
		FB97B4332797043600380E2F /* TrekrMultiPlatformApp.swift in Sources */ = {isa = PBXBuildFile; fileRef = FB97B4232797041400380E2F /* TrekrMultiPlatformApp.swift */; };
		FB97B4342797043600380E2F /* TrekrMultiPlatformApp.swift in Sources */ = {isa = PBXBuildFile; fileRef = FB97B4232797041400380E2F /* TrekrMultiPlatformApp.swift */; };
		FB97B4372797043600380E2F /* Assets.xcassets in Resources */ = {isa = PBXBuildFile; fileRef = FB97B4252797043500380E2F /* Assets.xcassets */; };
		FB97B4382797043600380E2F /* Assets.xcassets in Resources */ = {isa = PBXBuildFile; fileRef = FB97B4252797043500380E2F /* Assets.xcassets */; };
		FB97B4692797069400380E2F /* tips.json in Resources */ = {isa = PBXBuildFile; fileRef = FB97B4672797069400380E2F /* tips.json */; };
		FB97B46A2797069400380E2F /* tips.json in Resources */ = {isa = PBXBuildFile; fileRef = FB97B4672797069400380E2F /* tips.json */; };
		FB97B46B2797069400380E2F /* locations.json in Resources */ = {isa = PBXBuildFile; fileRef = FB97B4682797069400380E2F /* locations.json */; };
		FB97B46C2797069400380E2F /* locations.json in Resources */ = {isa = PBXBuildFile; fileRef = FB97B4682797069400380E2F /* locations.json */; };
		FB97B471279707D400380E2F /* Location.swift in Sources */ = {isa = PBXBuildFile; fileRef = FB97B470279707D400380E2F /* Location.swift */; };
		FB97B472279707D400380E2F /* Location.swift in Sources */ = {isa = PBXBuildFile; fileRef = FB97B470279707D400380E2F /* Location.swift */; };
		FB97B474279709E100380E2F /* LocationDetail.swift in Sources */ = {isa = PBXBuildFile; fileRef = FB97B473279709E100380E2F /* LocationDetail.swift */; };
		FB97B475279709E100380E2F /* LocationDetail.swift in Sources */ = {isa = PBXBuildFile; fileRef = FB97B473279709E100380E2F /* LocationDetail.swift */; };
/* End PBXBuildFile section */

/* Begin PBXFileReference section */
		FB82BAA527985E5200E9114A /* LocationStore.swift */ = {isa = PBXFileReference; lastKnownFileType = sourcecode.swift; path = LocationStore.swift; sourceTree = "<group>"; };
		FB82BAA82798616800E9114A /* LocationsList.swift */ = {isa = PBXFileReference; lastKnownFileType = sourcecode.swift; path = LocationsList.swift; sourceTree = "<group>"; };
		FB82BAAB27986BAF00E9114A /* WorldMap.swift */ = {isa = PBXFileReference; lastKnownFileType = sourcecode.swift; path = WorldMap.swift; sourceTree = "<group>"; };
		FB82BAAE27986BD000E9114A /* TipsList.swift */ = {isa = PBXFileReference; lastKnownFileType = sourcecode.swift; path = TipsList.swift; sourceTree = "<group>"; };
		FB82BAB12799BA0800E9114A /* Tip.swift */ = {isa = PBXFileReference; lastKnownFileType = sourcecode.swift; path = Tip.swift; sourceTree = "<group>"; };
		FB97B4232797041400380E2F /* TrekrMultiPlatformApp.swift */ = {isa = PBXFileReference; lastKnownFileType = sourcecode.swift; path = TrekrMultiPlatformApp.swift; sourceTree = "<group>"; };
		FB97B4252797043500380E2F /* Assets.xcassets */ = {isa = PBXFileReference; lastKnownFileType = folder.assetcatalog; path = Assets.xcassets; sourceTree = "<group>"; };
		FB97B42A2797043600380E2F /* TrekrMultiPlatform.app */ = {isa = PBXFileReference; explicitFileType = wrapper.application; includeInIndex = 0; path = TrekrMultiPlatform.app; sourceTree = BUILT_PRODUCTS_DIR; };
		FB97B4302797043600380E2F /* TrekrMultiPlatform.app */ = {isa = PBXFileReference; explicitFileType = wrapper.application; includeInIndex = 0; path = TrekrMultiPlatform.app; sourceTree = BUILT_PRODUCTS_DIR; };
		FB97B4322797043600380E2F /* macOS.entitlements */ = {isa = PBXFileReference; lastKnownFileType = text.plist.entitlements; path = macOS.entitlements; sourceTree = "<group>"; };
		FB97B4672797069400380E2F /* tips.json */ = {isa = PBXFileReference; fileEncoding = 4; lastKnownFileType = text.json; path = tips.json; sourceTree = "<group>"; };
		FB97B4682797069400380E2F /* locations.json */ = {isa = PBXFileReference; fileEncoding = 4; lastKnownFileType = text.json; path = locations.json; sourceTree = "<group>"; };
		FB97B470279707D400380E2F /* Location.swift */ = {isa = PBXFileReference; lastKnownFileType = sourcecode.swift; path = Location.swift; sourceTree = "<group>"; };
		FB97B473279709E100380E2F /* LocationDetail.swift */ = {isa = PBXFileReference; lastKnownFileType = sourcecode.swift; path = LocationDetail.swift; sourceTree = "<group>"; };
/* End PBXFileReference section */

/* Begin PBXFrameworksBuildPhase section */
		FB97B4272797043500380E2F /* Frameworks */ = {
			isa = PBXFrameworksBuildPhase;
			buildActionMask = 2147483647;
			files = (
			);
			runOnlyForDeploymentPostprocessing = 0;
		};
		FB97B42D2797043600380E2F /* Frameworks */ = {
			isa = PBXFrameworksBuildPhase;
			buildActionMask = 2147483647;
			files = (
			);
			runOnlyForDeploymentPostprocessing = 0;
		};
/* End PBXFrameworksBuildPhase section */

/* Begin PBXGroup section */
		FB97B41D2797041300380E2F = {
			isa = PBXGroup;
			children = (
				FB97B4222797041400380E2F /* Shared */,
				FB97B4312797043600380E2F /* macOS */,
				FB97B42B2797043600380E2F /* Products */,
			);
			sourceTree = "<group>";
		};
		FB97B4222797041400380E2F /* Shared */ = {
			isa = PBXGroup;
			children = (
				FB97B4232797041400380E2F /* TrekrMultiPlatformApp.swift */,
				FB97B4422797047200380E2F /* Model */,
				FB97B4412797045D00380E2F /* Views */,
				FB97B4252797043500380E2F /* Assets.xcassets */,
			);
			path = Shared;
			sourceTree = "<group>";
		};
		FB97B42B2797043600380E2F /* Products */ = {
			isa = PBXGroup;
			children = (
				FB97B42A2797043600380E2F /* TrekrMultiPlatform.app */,
				FB97B4302797043600380E2F /* TrekrMultiPlatform.app */,
			);
			name = Products;
			sourceTree = "<group>";
		};
		FB97B4312797043600380E2F /* macOS */ = {
			isa = PBXGroup;
			children = (
				FB97B4322797043600380E2F /* macOS.entitlements */,
			);
			path = macOS;
			sourceTree = "<group>";
		};
		FB97B4412797045D00380E2F /* Views */ = {
			isa = PBXGroup;
			children = (
				FB97B473279709E100380E2F /* LocationDetail.swift */,
				FB82BAA82798616800E9114A /* LocationsList.swift */,
				FB82BAAB27986BAF00E9114A /* WorldMap.swift */,
				FB82BAAE27986BD000E9114A /* TipsList.swift */,
			);
			path = Views;
			sourceTree = "<group>";
		};
		FB97B4422797047200380E2F /* Model */ = {
			isa = PBXGroup;
			children = (
				FB97B4682797069400380E2F /* locations.json */,
				FB97B4672797069400380E2F /* tips.json */,
				FB97B470279707D400380E2F /* Location.swift */,
				FB82BAA527985E5200E9114A /* LocationStore.swift */,
				FB82BAB12799BA0800E9114A /* Tip.swift */,
			);
			path = Model;
			sourceTree = "<group>";
		};
/* End PBXGroup section */

/* Begin PBXNativeTarget section */
		FB97B4292797043500380E2F /* TrekrMultiPlatform (iOS) */ = {
			isa = PBXNativeTarget;
			buildConfigurationList = FB97B43B2797043600380E2F /* Build configuration list for PBXNativeTarget "TrekrMultiPlatform (iOS)" */;
			buildPhases = (
				FB97B4262797043500380E2F /* Sources */,
				FB97B4272797043500380E2F /* Frameworks */,
				FB97B4282797043500380E2F /* Resources */,
			);
			buildRules = (
			);
			dependencies = (
			);
			name = "TrekrMultiPlatform (iOS)";
			productName = "TrekrMultiPlatfor (iOS)";
			productReference = FB97B42A2797043600380E2F /* TrekrMultiPlatform.app */;
			productType = "com.apple.product-type.application";
		};
		FB97B42F2797043600380E2F /* TrekrMultiPlatform (macOS) */ = {
			isa = PBXNativeTarget;
			buildConfigurationList = FB97B43E2797043600380E2F /* Build configuration list for PBXNativeTarget "TrekrMultiPlatform (macOS)" */;
			buildPhases = (
				FB97B42C2797043600380E2F /* Sources */,
				FB97B42D2797043600380E2F /* Frameworks */,
				FB97B42E2797043600380E2F /* Resources */,
			);
			buildRules = (
			);
			dependencies = (
			);
			name = "TrekrMultiPlatform (macOS)";
			productName = "TrekrMultiPlatfor (macOS)";
			productReference = FB97B4302797043600380E2F /* TrekrMultiPlatform.app */;
			productType = "com.apple.product-type.application";
		};
/* End PBXNativeTarget section */

/* Begin PBXProject section */
		FB97B41E2797041300380E2F /* Project object */ = {
			isa = PBXProject;
			attributes = {
				BuildIndependentTargetsInParallel = 1;
				LastSwiftUpdateCheck = 1300;
				LastUpgradeCheck = 1300;
				TargetAttributes = {
					FB97B4292797043500380E2F = {
						CreatedOnToolsVersion = 13.0;
					};
					FB97B42F2797043600380E2F = {
						CreatedOnToolsVersion = 13.0;
					};
				};
			};
			buildConfigurationList = FB97B4212797041300380E2F /* Build configuration list for PBXProject "TrekrMultiPlatform" */;
			compatibilityVersion = "Xcode 13.0";
			developmentRegion = en;
			hasScannedForEncodings = 0;
			knownRegions = (
				en,
				Base,
			);
			mainGroup = FB97B41D2797041300380E2F;
			productRefGroup = FB97B42B2797043600380E2F /* Products */;
			projectDirPath = "";
			projectRoot = "";
			targets = (
				FB97B4292797043500380E2F /* TrekrMultiPlatform (iOS) */,
				FB97B42F2797043600380E2F /* TrekrMultiPlatform (macOS) */,
			);
		};
/* End PBXProject section */

/* Begin PBXResourcesBuildPhase section */
		FB97B4282797043500380E2F /* Resources */ = {
			isa = PBXResourcesBuildPhase;
			buildActionMask = 2147483647;
			files = (
				FB97B4372797043600380E2F /* Assets.xcassets in Resources */,
				FB97B46B2797069400380E2F /* locations.json in Resources */,
				FB97B4692797069400380E2F /* tips.json in Resources */,
			);
			runOnlyForDeploymentPostprocessing = 0;
		};
		FB97B42E2797043600380E2F /* Resources */ = {
			isa = PBXResourcesBuildPhase;
			buildActionMask = 2147483647;
			files = (
				FB97B4382797043600380E2F /* Assets.xcassets in Resources */,
				FB97B46C2797069400380E2F /* locations.json in Resources */,
				FB97B46A2797069400380E2F /* tips.json in Resources */,
			);
			runOnlyForDeploymentPostprocessing = 0;
		};
/* End PBXResourcesBuildPhase section */

/* Begin PBXSourcesBuildPhase section */
		FB97B4262797043500380E2F /* Sources */ = {
			isa = PBXSourcesBuildPhase;
			buildActionMask = 2147483647;
			files = (
				FB82BAA627985E5200E9114A /* LocationStore.swift in Sources */,
				FB82BAB22799BA0800E9114A /* Tip.swift in Sources */,
				FB82BAAC27986BAF00E9114A /* WorldMap.swift in Sources */,
				FB97B471279707D400380E2F /* Location.swift in Sources */,
				FB82BAAF27986BD000E9114A /* TipsList.swift in Sources */,
				FB82BAA92798616800E9114A /* LocationsList.swift in Sources */,
				FB97B4332797043600380E2F /* TrekrMultiPlatformApp.swift in Sources */,
				FB97B474279709E100380E2F /* LocationDetail.swift in Sources */,
			);
			runOnlyForDeploymentPostprocessing = 0;
		};
		FB97B42C2797043600380E2F /* Sources */ = {
			isa = PBXSourcesBuildPhase;
			buildActionMask = 2147483647;
			files = (
				FB82BAA727985E5200E9114A /* LocationStore.swift in Sources */,
				FB82BAB32799BA0800E9114A /* Tip.swift in Sources */,
				FB82BAAD27986BAF00E9114A /* WorldMap.swift in Sources */,
				FB97B472279707D400380E2F /* Location.swift in Sources */,
				FB82BAB027986BD000E9114A /* TipsList.swift in Sources */,
				FB82BAAA2798616800E9114A /* LocationsList.swift in Sources */,
				FB97B4342797043600380E2F /* TrekrMultiPlatformApp.swift in Sources */,
				FB97B475279709E100380E2F /* LocationDetail.swift in Sources */,
			);
			runOnlyForDeploymentPostprocessing = 0;
		};
/* End PBXSourcesBuildPhase section */

/* Begin XCBuildConfiguration section */
		FB97B4392797043600380E2F /* Debug */ = {
			isa = XCBuildConfiguration;
			buildSettings = {
				ALWAYS_SEARCH_USER_PATHS = NO;
				CLANG_ANALYZER_NONNULL = YES;
				CLANG_ANALYZER_NUMBER_OBJECT_CONVERSION = YES_AGGRESSIVE;
				CLANG_CXX_LANGUAGE_STANDARD = "gnu++17";
				CLANG_CXX_LIBRARY = "libc++";
				CLANG_ENABLE_MODULES = YES;
				CLANG_ENABLE_OBJC_ARC = YES;
				CLANG_ENABLE_OBJC_WEAK = YES;
				CLANG_WARN_BLOCK_CAPTURE_AUTORELEASING = YES;
				CLANG_WARN_BOOL_CONVERSION = YES;
				CLANG_WARN_COMMA = YES;
				CLANG_WARN_CONSTANT_CONVERSION = YES;
				CLANG_WARN_DEPRECATED_OBJC_IMPLEMENTATIONS = YES;
				CLANG_WARN_DIRECT_OBJC_ISA_USAGE = YES_ERROR;
				CLANG_WARN_DOCUMENTATION_COMMENTS = YES;
				CLANG_WARN_EMPTY_BODY = YES;
				CLANG_WARN_ENUM_CONVERSION = YES;
				CLANG_WARN_INFINITE_RECURSION = YES;
				CLANG_WARN_INT_CONVERSION = YES;
				CLANG_WARN_NON_LITERAL_NULL_CONVERSION = YES;
				CLANG_WARN_OBJC_IMPLICIT_RETAIN_SELF = YES;
				CLANG_WARN_OBJC_LITERAL_CONVERSION = YES;
				CLANG_WARN_OBJC_ROOT_CLASS = YES_ERROR;
				CLANG_WARN_QUOTED_INCLUDE_IN_FRAMEWORK_HEADER = YES;
				CLANG_WARN_RANGE_LOOP_ANALYSIS = YES;
				CLANG_WARN_STRICT_PROTOTYPES = YES;
				CLANG_WARN_SUSPICIOUS_MOVE = YES;
				CLANG_WARN_UNGUARDED_AVAILABILITY = YES_AGGRESSIVE;
				CLANG_WARN_UNREACHABLE_CODE = YES;
				CLANG_WARN__DUPLICATE_METHOD_MATCH = YES;
				COPY_PHASE_STRIP = NO;
				DEBUG_INFORMATION_FORMAT = dwarf;
				ENABLE_STRICT_OBJC_MSGSEND = YES;
				ENABLE_TESTABILITY = YES;
				GCC_C_LANGUAGE_STANDARD = gnu11;
				GCC_DYNAMIC_NO_PIC = NO;
				GCC_NO_COMMON_BLOCKS = YES;
				GCC_OPTIMIZATION_LEVEL = 0;
				GCC_PREPROCESSOR_DEFINITIONS = (
					"DEBUG=1",
					"$(inherited)",
				);
				GCC_WARN_64_TO_32_BIT_CONVERSION = YES;
				GCC_WARN_ABOUT_RETURN_TYPE = YES_ERROR;
				GCC_WARN_UNDECLARED_SELECTOR = YES;
				GCC_WARN_UNINITIALIZED_AUTOS = YES_AGGRESSIVE;
				GCC_WARN_UNUSED_FUNCTION = YES;
				GCC_WARN_UNUSED_VARIABLE = YES;
				MTL_ENABLE_DEBUG_INFO = INCLUDE_SOURCE;
				MTL_FAST_MATH = YES;
				ONLY_ACTIVE_ARCH = YES;
				SWIFT_ACTIVE_COMPILATION_CONDITIONS = DEBUG;
				SWIFT_OPTIMIZATION_LEVEL = "-Onone";
			};
			name = Debug;
		};
		FB97B43A2797043600380E2F /* Release */ = {
			isa = XCBuildConfiguration;
			buildSettings = {
				ALWAYS_SEARCH_USER_PATHS = NO;
				CLANG_ANALYZER_NONNULL = YES;
				CLANG_ANALYZER_NUMBER_OBJECT_CONVERSION = YES_AGGRESSIVE;
				CLANG_CXX_LANGUAGE_STANDARD = "gnu++17";
				CLANG_CXX_LIBRARY = "libc++";
				CLANG_ENABLE_MODULES = YES;
				CLANG_ENABLE_OBJC_ARC = YES;
				CLANG_ENABLE_OBJC_WEAK = YES;
				CLANG_WARN_BLOCK_CAPTURE_AUTORELEASING = YES;
				CLANG_WARN_BOOL_CONVERSION = YES;
				CLANG_WARN_COMMA = YES;
				CLANG_WARN_CONSTANT_CONVERSION = YES;
				CLANG_WARN_DEPRECATED_OBJC_IMPLEMENTATIONS = YES;
				CLANG_WARN_DIRECT_OBJC_ISA_USAGE = YES_ERROR;
				CLANG_WARN_DOCUMENTATION_COMMENTS = YES;
				CLANG_WARN_EMPTY_BODY = YES;
				CLANG_WARN_ENUM_CONVERSION = YES;
				CLANG_WARN_INFINITE_RECURSION = YES;
				CLANG_WARN_INT_CONVERSION = YES;
				CLANG_WARN_NON_LITERAL_NULL_CONVERSION = YES;
				CLANG_WARN_OBJC_IMPLICIT_RETAIN_SELF = YES;
				CLANG_WARN_OBJC_LITERAL_CONVERSION = YES;
				CLANG_WARN_OBJC_ROOT_CLASS = YES_ERROR;
				CLANG_WARN_QUOTED_INCLUDE_IN_FRAMEWORK_HEADER = YES;
				CLANG_WARN_RANGE_LOOP_ANALYSIS = YES;
				CLANG_WARN_STRICT_PROTOTYPES = YES;
				CLANG_WARN_SUSPICIOUS_MOVE = YES;
				CLANG_WARN_UNGUARDED_AVAILABILITY = YES_AGGRESSIVE;
				CLANG_WARN_UNREACHABLE_CODE = YES;
				CLANG_WARN__DUPLICATE_METHOD_MATCH = YES;
				COPY_PHASE_STRIP = NO;
				DEBUG_INFORMATION_FORMAT = "dwarf-with-dsym";
				ENABLE_NS_ASSERTIONS = NO;
				ENABLE_STRICT_OBJC_MSGSEND = YES;
				GCC_C_LANGUAGE_STANDARD = gnu11;
				GCC_NO_COMMON_BLOCKS = YES;
				GCC_WARN_64_TO_32_BIT_CONVERSION = YES;
				GCC_WARN_ABOUT_RETURN_TYPE = YES_ERROR;
				GCC_WARN_UNDECLARED_SELECTOR = YES;
				GCC_WARN_UNINITIALIZED_AUTOS = YES_AGGRESSIVE;
				GCC_WARN_UNUSED_FUNCTION = YES;
				GCC_WARN_UNUSED_VARIABLE = YES;
				MTL_ENABLE_DEBUG_INFO = NO;
				MTL_FAST_MATH = YES;
				SWIFT_COMPILATION_MODE = wholemodule;
				SWIFT_OPTIMIZATION_LEVEL = "-O";
			};
			name = Release;
		};
		FB97B43C2797043600380E2F /* Debug */ = {
			isa = XCBuildConfiguration;
			buildSettings = {
				ASSETCATALOG_COMPILER_APPICON_NAME = AppIcon;
				ASSETCATALOG_COMPILER_GLOBAL_ACCENT_COLOR_NAME = AccentColor;
				CODE_SIGN_STYLE = Automatic;
				CURRENT_PROJECT_VERSION = 1;
				DEVELOPMENT_TEAM = MVTMGC7XMB;
				ENABLE_PREVIEWS = YES;
				GENERATE_INFOPLIST_FILE = YES;
				INFOPLIST_KEY_UIApplicationSceneManifest_Generation = YES;
				INFOPLIST_KEY_UIApplicationSupportsIndirectInputEvents = YES;
				INFOPLIST_KEY_UILaunchScreen_Generation = YES;
				INFOPLIST_KEY_UISupportedInterfaceOrientations_iPad = "UIInterfaceOrientationPortrait UIInterfaceOrientationPortraitUpsideDown UIInterfaceOrientationLandscapeLeft UIInterfaceOrientationLandscapeRight";
				INFOPLIST_KEY_UISupportedInterfaceOrientations_iPhone = "UIInterfaceOrientationPortrait UIInterfaceOrientationLandscapeLeft UIInterfaceOrientationLandscapeRight";
				IPHONEOS_DEPLOYMENT_TARGET = 14.0;
				LD_RUNPATH_SEARCH_PATHS = (
					"$(inherited)",
					"@executable_path/Frameworks",
				);
				MARKETING_VERSION = 1.0;
				PRODUCT_BUNDLE_IDENTIFIER = ca.stevenzhang.TrekrMultiPlatfor;
				PRODUCT_NAME = TrekrMultiPlatform;
				SDKROOT = iphoneos;
				SWIFT_EMIT_LOC_STRINGS = YES;
				SWIFT_VERSION = 5.0;
				TARGETED_DEVICE_FAMILY = "1,2";
			};
			name = Debug;
		};
		FB97B43D2797043600380E2F /* Release */ = {
			isa = XCBuildConfiguration;
			buildSettings = {
				ASSETCATALOG_COMPILER_APPICON_NAME = AppIcon;
				ASSETCATALOG_COMPILER_GLOBAL_ACCENT_COLOR_NAME = AccentColor;
				CODE_SIGN_STYLE = Automatic;
				CURRENT_PROJECT_VERSION = 1;
				DEVELOPMENT_TEAM = MVTMGC7XMB;
				ENABLE_PREVIEWS = YES;
				GENERATE_INFOPLIST_FILE = YES;
				INFOPLIST_KEY_UIApplicationSceneManifest_Generation = YES;
				INFOPLIST_KEY_UIApplicationSupportsIndirectInputEvents = YES;
				INFOPLIST_KEY_UILaunchScreen_Generation = YES;
				INFOPLIST_KEY_UISupportedInterfaceOrientations_iPad = "UIInterfaceOrientationPortrait UIInterfaceOrientationPortraitUpsideDown UIInterfaceOrientationLandscapeLeft UIInterfaceOrientationLandscapeRight";
				INFOPLIST_KEY_UISupportedInterfaceOrientations_iPhone = "UIInterfaceOrientationPortrait UIInterfaceOrientationLandscapeLeft UIInterfaceOrientationLandscapeRight";
				IPHONEOS_DEPLOYMENT_TARGET = 14.0;
				LD_RUNPATH_SEARCH_PATHS = (
					"$(inherited)",
					"@executable_path/Frameworks",
				);
				MARKETING_VERSION = 1.0;
				PRODUCT_BUNDLE_IDENTIFIER = ca.stevenzhang.TrekrMultiPlatfor;
				PRODUCT_NAME = TrekrMultiPlatform;
				SDKROOT = iphoneos;
				SWIFT_EMIT_LOC_STRINGS = YES;
				SWIFT_VERSION = 5.0;
				TARGETED_DEVICE_FAMILY = "1,2";
				VALIDATE_PRODUCT = YES;
			};
			name = Release;
		};
		FB97B43F2797043600380E2F /* Debug */ = {
			isa = XCBuildConfiguration;
			buildSettings = {
				ASSETCATALOG_COMPILER_APPICON_NAME = AppIcon;
				ASSETCATALOG_COMPILER_GLOBAL_ACCENT_COLOR_NAME = AccentColor;
				CODE_SIGN_ENTITLEMENTS = macOS/macOS.entitlements;
				CODE_SIGN_STYLE = Automatic;
				COMBINE_HIDPI_IMAGES = YES;
				CURRENT_PROJECT_VERSION = 1;
				DEVELOPMENT_TEAM = MVTMGC7XMB;
				ENABLE_HARDENED_RUNTIME = YES;
				ENABLE_PREVIEWS = YES;
				GENERATE_INFOPLIST_FILE = YES;
				INFOPLIST_KEY_NSHumanReadableCopyright = "";
				LD_RUNPATH_SEARCH_PATHS = (
					"$(inherited)",
					"@executable_path/../Frameworks",
				);
				MACOSX_DEPLOYMENT_TARGET = 11.0;
				MARKETING_VERSION = 1.0;
				PRODUCT_BUNDLE_IDENTIFIER = ca.stevenzhang.TrekrMultiPlatfor;
				PRODUCT_NAME = TrekrMultiPlatform;
				SDKROOT = macosx;
				SWIFT_EMIT_LOC_STRINGS = YES;
				SWIFT_VERSION = 5.0;
			};
			name = Debug;
		};
		FB97B4402797043600380E2F /* Release */ = {
			isa = XCBuildConfiguration;
			buildSettings = {
				ASSETCATALOG_COMPILER_APPICON_NAME = AppIcon;
				ASSETCATALOG_COMPILER_GLOBAL_ACCENT_COLOR_NAME = AccentColor;
				CODE_SIGN_ENTITLEMENTS = macOS/macOS.entitlements;
				CODE_SIGN_STYLE = Automatic;
				COMBINE_HIDPI_IMAGES = YES;
				CURRENT_PROJECT_VERSION = 1;
				DEVELOPMENT_TEAM = MVTMGC7XMB;
				ENABLE_HARDENED_RUNTIME = YES;
				ENABLE_PREVIEWS = YES;
				GENERATE_INFOPLIST_FILE = YES;
				INFOPLIST_KEY_NSHumanReadableCopyright = "";
				LD_RUNPATH_SEARCH_PATHS = (
					"$(inherited)",
					"@executable_path/../Frameworks",
				);
				MACOSX_DEPLOYMENT_TARGET = 11.0;
				MARKETING_VERSION = 1.0;
				PRODUCT_BUNDLE_IDENTIFIER = ca.stevenzhang.TrekrMultiPlatfor;
				PRODUCT_NAME = TrekrMultiPlatform;
				SDKROOT = macosx;
				SWIFT_EMIT_LOC_STRINGS = YES;
				SWIFT_VERSION = 5.0;
			};
			name = Release;
		};
/* End XCBuildConfiguration section */

/* Begin XCConfigurationList section */
		FB97B4212797041300380E2F /* Build configuration list for PBXProject "TrekrMultiPlatform" */ = {
			isa = XCConfigurationList;
			buildConfigurations = (
				FB97B4392797043600380E2F /* Debug */,
				FB97B43A2797043600380E2F /* Release */,
			);
			defaultConfigurationIsVisible = 0;
			defaultConfigurationName = Release;
		};
		FB97B43B2797043600380E2F /* Build configuration list for PBXNativeTarget "TrekrMultiPlatform (iOS)" */ = {
			isa = XCConfigurationList;
			buildConfigurations = (
				FB97B43C2797043600380E2F /* Debug */,
				FB97B43D2797043600380E2F /* Release */,
			);
			defaultConfigurationIsVisible = 0;
			defaultConfigurationName = Release;
		};
		FB97B43E2797043600380E2F /* Build configuration list for PBXNativeTarget "TrekrMultiPlatform (macOS)" */ = {
			isa = XCConfigurationList;
			buildConfigurations = (
				FB97B43F2797043600380E2F /* Debug */,
				FB97B4402797043600380E2F /* Release */,
			);
			defaultConfigurationIsVisible = 0;
			defaultConfigurationName = Release;
		};
/* End XCConfigurationList section */
	};
	rootObject = FB97B41E2797041300380E2F /* Project object */;
}
